{
  "name": ".dotfiles",
  "lockfileVersion": 2,
  "requires": true,
  "packages": {
    "": {
      "devDependencies": {
        "prettier": "2.3.1",
        "prettier-plugin-sh": "0.6.1"
      }
    },
    "node_modules/mvdan-sh": {
      "version": "0.5.0",
      "resolved": "https://registry.npmjs.org/mvdan-sh/-/mvdan-sh-0.5.0.tgz",
      "integrity": "sha512-UWbdl4LHd2fUnaEcOUFVWRdWGLkNoV12cKVIPiirYd8qM5VkCoCTXErlDubevrkEG7kGohvjRxAlTQmOqG80tw==",
      "dev": true
    },
    "node_modules/prettier": {
      "version": "2.3.1",
      "resolved": "https://registry.npmjs.org/prettier/-/prettier-2.3.1.tgz",
      "integrity": "sha512-p+vNbgpLjif/+D+DwAZAbndtRrR0md0MwfmOVN9N+2RgyACMT+7tfaRnT+WDPkqnuVwleyuBIG2XBxKDme3hPA==",
      "dev": true,
      "bin": {
        "prettier": "bin-prettier.js"
      },
      "engines": {
        "node": ">=10.13.0"
      }
    },
    "node_modules/prettier-plugin-sh": {
      "version": "0.6.1",
      "resolved": "https://registry.npmjs.org/prettier-plugin-sh/-/prettier-plugin-sh-0.6.1.tgz",
      "integrity": "sha512-Weelg53FBb1Z5Q1/GpQIb4s//BdhmPAABjJfe6VTQ3m8upQjM36sVVboNOUVvYn3K+LMwzW4vkxhqLQ+vvfBKQ==",
      "dev": true,
      "dependencies": {
        "mvdan-sh": "^0.5.0"
      },
      "peerDependencies": {
        "prettier": "^2.0.5"
      }
    }
  },
  "dependencies": {
    "mvdan-sh": {
      "version": "0.5.0",
      "resolved": "https://registry.npmjs.org/mvdan-sh/-/mvdan-sh-0.5.0.tgz",
      "integrity": "sha512-UWbdl4LHd2fUnaEcOUFVWRdWGLkNoV12cKVIPiirYd8qM5VkCoCTXErlDubevrkEG7kGohvjRxAlTQmOqG80tw==",
      "dev": true
    },
    "prettier": {
      "version": "2.3.1",
      "resolved": "https://registry.npmjs.org/prettier/-/prettier-2.3.1.tgz",
      "integrity": "sha512-p+vNbgpLjif/+D+DwAZAbndtRrR0md0MwfmOVN9N+2RgyACMT+7tfaRnT+WDPkqnuVwleyuBIG2XBxKDme3hPA==",
      "dev": true
    },
    "prettier-plugin-sh": {
      "version": "0.6.1",
      "resolved": "https://registry.npmjs.org/prettier-plugin-sh/-/prettier-plugin-sh-0.6.1.tgz",
      "integrity": "sha512-Weelg53FBb1Z5Q1/GpQIb4s//BdhmPAABjJfe6VTQ3m8upQjM36sVVboNOUVvYn3K+LMwzW4vkxhqLQ+vvfBKQ==",
      "dev": true,
      "requires": {
        "mvdan-sh": "^0.5.0"
      }
    }
  }
}
